// !$*UTF8*$!
{
	archiveVersion = 1;
	classes = {
	};
	objectVersion = 55;
	objects = {

/* Begin PBXBuildFile section */
		F420C67D287182DE00694897 /* AppDelegate.swift in Sources */ = {isa = PBXBuildFile; fileRef = F420C67C287182DE00694897 /* AppDelegate.swift */; };
		F420C681287182DE00694897 /* ViewController.swift in Sources */ = {isa = PBXBuildFile; fileRef = F420C680287182DE00694897 /* ViewController.swift */; };
		F420C686287182E000694897 /* Assets.xcassets in Resources */ = {isa = PBXBuildFile; fileRef = F420C685287182E000694897 /* Assets.xcassets */; };
		F420C689287182E000694897 /* LaunchScreen.storyboard in Resources */ = {isa = PBXBuildFile; fileRef = F420C687287182E000694897 /* LaunchScreen.storyboard */; };
		F420C694287182E000694897 /* Wanted_Mobile_TestTests.swift in Sources */ = {isa = PBXBuildFile; fileRef = F420C693287182E000694897 /* Wanted_Mobile_TestTests.swift */; };
		F420C69E287182E000694897 /* Wanted_Mobile_TestUITests.swift in Sources */ = {isa = PBXBuildFile; fileRef = F420C69D287182E000694897 /* Wanted_Mobile_TestUITests.swift */; };
		F420C6A0287182E000694897 /* Wanted_Mobile_TestUITestsLaunchTests.swift in Sources */ = {isa = PBXBuildFile; fileRef = F420C69F287182E000694897 /* Wanted_Mobile_TestUITestsLaunchTests.swift */; };
		F420C6B12871845800694897 /* SnapKit in Frameworks */ = {isa = PBXBuildFile; productRef = F420C6B02871845800694897 /* SnapKit */; };
		F420C6B42871847400694897 /* RxCocoa in Frameworks */ = {isa = PBXBuildFile; productRef = F420C6B32871847400694897 /* RxCocoa */; };
		F420C6B62871847400694897 /* RxSwift in Frameworks */ = {isa = PBXBuildFile; productRef = F420C6B52871847400694897 /* RxSwift */; };
		F420C6B9287184AF00694897 /* Moya in Frameworks */ = {isa = PBXBuildFile; productRef = F420C6B8287184AF00694897 /* Moya */; };
		F420C6BB287184AF00694897 /* ReactiveMoya in Frameworks */ = {isa = PBXBuildFile; productRef = F420C6BA287184AF00694897 /* ReactiveMoya */; };
		F420C6BD287184AF00694897 /* RxMoya in Frameworks */ = {isa = PBXBuildFile; productRef = F420C6BC287184AF00694897 /* RxMoya */; };
		F420C6C0287184CB00694897 /* RxOptional in Frameworks */ = {isa = PBXBuildFile; productRef = F420C6BF287184CB00694897 /* RxOptional */; };
/* End PBXBuildFile section */

/* Begin PBXContainerItemProxy section */
		F420C690287182E000694897 /* PBXContainerItemProxy */ = {
			isa = PBXContainerItemProxy;
			containerPortal = F420C671287182DE00694897 /* Project object */;
			proxyType = 1;
			remoteGlobalIDString = F420C678287182DE00694897;
			remoteInfo = "Wanted-Mobile-Test";
		};
		F420C69A287182E000694897 /* PBXContainerItemProxy */ = {
			isa = PBXContainerItemProxy;
			containerPortal = F420C671287182DE00694897 /* Project object */;
			proxyType = 1;
			remoteGlobalIDString = F420C678287182DE00694897;
			remoteInfo = "Wanted-Mobile-Test";
		};
/* End PBXContainerItemProxy section */

/* Begin PBXFileReference section */
		F420C679287182DE00694897 /* Wanted-Mobile-Test.app */ = {isa = PBXFileReference; explicitFileType = wrapper.application; includeInIndex = 0; path = "Wanted-Mobile-Test.app"; sourceTree = BUILT_PRODUCTS_DIR; };
		F420C67C287182DE00694897 /* AppDelegate.swift */ = {isa = PBXFileReference; lastKnownFileType = sourcecode.swift; path = AppDelegate.swift; sourceTree = "<group>"; };
		F420C680287182DE00694897 /* ViewController.swift */ = {isa = PBXFileReference; lastKnownFileType = sourcecode.swift; path = ViewController.swift; sourceTree = "<group>"; };
		F420C685287182E000694897 /* Assets.xcassets */ = {isa = PBXFileReference; lastKnownFileType = folder.assetcatalog; path = Assets.xcassets; sourceTree = "<group>"; };
		F420C688287182E000694897 /* Base */ = {isa = PBXFileReference; lastKnownFileType = file.storyboard; name = Base; path = Base.lproj/LaunchScreen.storyboard; sourceTree = "<group>"; };
		F420C68A287182E000694897 /* Info.plist */ = {isa = PBXFileReference; lastKnownFileType = text.plist.xml; path = Info.plist; sourceTree = "<group>"; };
		F420C68F287182E000694897 /* Wanted-Mobile-TestTests.xctest */ = {isa = PBXFileReference; explicitFileType = wrapper.cfbundle; includeInIndex = 0; path = "Wanted-Mobile-TestTests.xctest"; sourceTree = BUILT_PRODUCTS_DIR; };
		F420C693287182E000694897 /* Wanted_Mobile_TestTests.swift */ = {isa = PBXFileReference; lastKnownFileType = sourcecode.swift; path = Wanted_Mobile_TestTests.swift; sourceTree = "<group>"; };
		F420C699287182E000694897 /* Wanted-Mobile-TestUITests.xctest */ = {isa = PBXFileReference; explicitFileType = wrapper.cfbundle; includeInIndex = 0; path = "Wanted-Mobile-TestUITests.xctest"; sourceTree = BUILT_PRODUCTS_DIR; };
		F420C69D287182E000694897 /* Wanted_Mobile_TestUITests.swift */ = {isa = PBXFileReference; lastKnownFileType = sourcecode.swift; path = Wanted_Mobile_TestUITests.swift; sourceTree = "<group>"; };
		F420C69F287182E000694897 /* Wanted_Mobile_TestUITestsLaunchTests.swift */ = {isa = PBXFileReference; lastKnownFileType = sourcecode.swift; path = Wanted_Mobile_TestUITestsLaunchTests.swift; sourceTree = "<group>"; };
/* End PBXFileReference section */

/* Begin PBXFrameworksBuildPhase section */
		F420C676287182DE00694897 /* Frameworks */ = {
			isa = PBXFrameworksBuildPhase;
			buildActionMask = 2147483647;
			files = (
				F420C6C0287184CB00694897 /* RxOptional in Frameworks */,
				F420C6BD287184AF00694897 /* RxMoya in Frameworks */,
				F420C6B62871847400694897 /* RxSwift in Frameworks */,
				F420C6B42871847400694897 /* RxCocoa in Frameworks */,
				F420C6B9287184AF00694897 /* Moya in Frameworks */,
				F420C6BB287184AF00694897 /* ReactiveMoya in Frameworks */,
				F420C6B12871845800694897 /* SnapKit in Frameworks */,
			);
			runOnlyForDeploymentPostprocessing = 0;
		};
		F420C68C287182E000694897 /* Frameworks */ = {
			isa = PBXFrameworksBuildPhase;
			buildActionMask = 2147483647;
			files = (
			);
			runOnlyForDeploymentPostprocessing = 0;
		};
		F420C696287182E000694897 /* Frameworks */ = {
			isa = PBXFrameworksBuildPhase;
			buildActionMask = 2147483647;
			files = (
			);
			runOnlyForDeploymentPostprocessing = 0;
		};
/* End PBXFrameworksBuildPhase section */

/* Begin PBXGroup section */
		F420C670287182DE00694897 = {
			isa = PBXGroup;
			children = (
				F420C67B287182DE00694897 /* Wanted-Mobile-Test */,
				F420C692287182E000694897 /* Wanted-Mobile-TestTests */,
				F420C69C287182E000694897 /* Wanted-Mobile-TestUITests */,
				F420C67A287182DE00694897 /* Products */,
			);
			sourceTree = "<group>";
		};
		F420C67A287182DE00694897 /* Products */ = {
			isa = PBXGroup;
			children = (
				F420C679287182DE00694897 /* Wanted-Mobile-Test.app */,
				F420C68F287182E000694897 /* Wanted-Mobile-TestTests.xctest */,
				F420C699287182E000694897 /* Wanted-Mobile-TestUITests.xctest */,
			);
			name = Products;
			sourceTree = "<group>";
		};
		F420C67B287182DE00694897 /* Wanted-Mobile-Test */ = {
			isa = PBXGroup;
			children = (
				F420C6AC2871832B00694897 /* Source */,
				F420C6AD2871837500694897 /* Resource */,
			);
			path = "Wanted-Mobile-Test";
			sourceTree = "<group>";
		};
		F420C692287182E000694897 /* Wanted-Mobile-TestTests */ = {
			isa = PBXGroup;
			children = (
				F420C693287182E000694897 /* Wanted_Mobile_TestTests.swift */,
			);
			path = "Wanted-Mobile-TestTests";
			sourceTree = "<group>";
		};
		F420C69C287182E000694897 /* Wanted-Mobile-TestUITests */ = {
			isa = PBXGroup;
			children = (
				F420C69D287182E000694897 /* Wanted_Mobile_TestUITests.swift */,
				F420C69F287182E000694897 /* Wanted_Mobile_TestUITestsLaunchTests.swift */,
			);
			path = "Wanted-Mobile-TestUITests";
			sourceTree = "<group>";
		};
		F420C6AC2871832B00694897 /* Source */ = {
			isa = PBXGroup;
			children = (
				F420C67C287182DE00694897 /* AppDelegate.swift */,
				F420C6AE2871840100694897 /* Present */,
			);
			path = Source;
			sourceTree = "<group>";
		};
		F420C6AD2871837500694897 /* Resource */ = {
			isa = PBXGroup;
			children = (
				F420C685287182E000694897 /* Assets.xcassets */,
				F420C687287182E000694897 /* LaunchScreen.storyboard */,
				F420C68A287182E000694897 /* Info.plist */,
			);
			path = Resource;
			sourceTree = "<group>";
		};
		F420C6AE2871840100694897 /* Present */ = {
			isa = PBXGroup;
			children = (
				F420C680287182DE00694897 /* ViewController.swift */,
			);
			path = Present;
			sourceTree = "<group>";
		};
/* End PBXGroup section */

/* Begin PBXNativeTarget section */
		F420C678287182DE00694897 /* Wanted-Mobile-Test */ = {
			isa = PBXNativeTarget;
			buildConfigurationList = F420C6A3287182E000694897 /* Build configuration list for PBXNativeTarget "Wanted-Mobile-Test" */;
			buildPhases = (
				F420C675287182DE00694897 /* Sources */,
				F420C676287182DE00694897 /* Frameworks */,
				F420C677287182DE00694897 /* Resources */,
			);
			buildRules = (
			);
			dependencies = (
			);
			name = "Wanted-Mobile-Test";
			packageProductDependencies = (
				F420C6B02871845800694897 /* SnapKit */,
				F420C6B32871847400694897 /* RxCocoa */,
				F420C6B52871847400694897 /* RxSwift */,
				F420C6B8287184AF00694897 /* Moya */,
				F420C6BA287184AF00694897 /* ReactiveMoya */,
				F420C6BC287184AF00694897 /* RxMoya */,
				F420C6BF287184CB00694897 /* RxOptional */,
			);
			productName = "Wanted-Mobile-Test";
			productReference = F420C679287182DE00694897 /* Wanted-Mobile-Test.app */;
			productType = "com.apple.product-type.application";
		};
		F420C68E287182E000694897 /* Wanted-Mobile-TestTests */ = {
			isa = PBXNativeTarget;
			buildConfigurationList = F420C6A6287182E000694897 /* Build configuration list for PBXNativeTarget "Wanted-Mobile-TestTests" */;
			buildPhases = (
				F420C68B287182E000694897 /* Sources */,
				F420C68C287182E000694897 /* Frameworks */,
				F420C68D287182E000694897 /* Resources */,
			);
			buildRules = (
			);
			dependencies = (
				F420C691287182E000694897 /* PBXTargetDependency */,
			);
			name = "Wanted-Mobile-TestTests";
			productName = "Wanted-Mobile-TestTests";
			productReference = F420C68F287182E000694897 /* Wanted-Mobile-TestTests.xctest */;
			productType = "com.apple.product-type.bundle.unit-test";
		};
		F420C698287182E000694897 /* Wanted-Mobile-TestUITests */ = {
			isa = PBXNativeTarget;
			buildConfigurationList = F420C6A9287182E000694897 /* Build configuration list for PBXNativeTarget "Wanted-Mobile-TestUITests" */;
			buildPhases = (
				F420C695287182E000694897 /* Sources */,
				F420C696287182E000694897 /* Frameworks */,
				F420C697287182E000694897 /* Resources */,
			);
			buildRules = (
			);
			dependencies = (
				F420C69B287182E000694897 /* PBXTargetDependency */,
			);
			name = "Wanted-Mobile-TestUITests";
			productName = "Wanted-Mobile-TestUITests";
			productReference = F420C699287182E000694897 /* Wanted-Mobile-TestUITests.xctest */;
			productType = "com.apple.product-type.bundle.ui-testing";
		};
/* End PBXNativeTarget section */

/* Begin PBXProject section */
		F420C671287182DE00694897 /* Project object */ = {
			isa = PBXProject;
			attributes = {
				BuildIndependentTargetsInParallel = 1;
				LastSwiftUpdateCheck = 1340;
				LastUpgradeCheck = 1340;
				TargetAttributes = {
					F420C678287182DE00694897 = {
						CreatedOnToolsVersion = 13.4.1;
					};
					F420C68E287182E000694897 = {
						CreatedOnToolsVersion = 13.4.1;
						TestTargetID = F420C678287182DE00694897;
					};
					F420C698287182E000694897 = {
						CreatedOnToolsVersion = 13.4.1;
						TestTargetID = F420C678287182DE00694897;
					};
				};
			};
			buildConfigurationList = F420C674287182DE00694897 /* Build configuration list for PBXProject "Wanted-Mobile-Test" */;
			compatibilityVersion = "Xcode 13.0";
			developmentRegion = en;
			hasScannedForEncodings = 0;
			knownRegions = (
				en,
				Base,
			);
			mainGroup = F420C670287182DE00694897;
			packageReferences = (
				F420C6AF2871845800694897 /* XCRemoteSwiftPackageReference "SnapKit" */,
				F420C6B22871847300694897 /* XCRemoteSwiftPackageReference "RxSwift" */,
				F420C6B7287184AF00694897 /* XCRemoteSwiftPackageReference "Moya" */,
				F420C6BE287184CB00694897 /* XCRemoteSwiftPackageReference "RxOptional" */,
			);
			productRefGroup = F420C67A287182DE00694897 /* Products */;
			projectDirPath = "";
			projectRoot = "";
			targets = (
				F420C678287182DE00694897 /* Wanted-Mobile-Test */,
				F420C68E287182E000694897 /* Wanted-Mobile-TestTests */,
				F420C698287182E000694897 /* Wanted-Mobile-TestUITests */,
			);
		};
/* End PBXProject section */

/* Begin PBXResourcesBuildPhase section */
		F420C677287182DE00694897 /* Resources */ = {
			isa = PBXResourcesBuildPhase;
			buildActionMask = 2147483647;
			files = (
				F420C689287182E000694897 /* LaunchScreen.storyboard in Resources */,
				F420C686287182E000694897 /* Assets.xcassets in Resources */,
			);
			runOnlyForDeploymentPostprocessing = 0;
		};
		F420C68D287182E000694897 /* Resources */ = {
			isa = PBXResourcesBuildPhase;
			buildActionMask = 2147483647;
			files = (
			);
			runOnlyForDeploymentPostprocessing = 0;
		};
		F420C697287182E000694897 /* Resources */ = {
			isa = PBXResourcesBuildPhase;
			buildActionMask = 2147483647;
			files = (
			);
			runOnlyForDeploymentPostprocessing = 0;
		};
/* End PBXResourcesBuildPhase section */

/* Begin PBXSourcesBuildPhase section */
		F420C675287182DE00694897 /* Sources */ = {
			isa = PBXSourcesBuildPhase;
			buildActionMask = 2147483647;
			files = (
				F420C681287182DE00694897 /* ViewController.swift in Sources */,
				F420C67D287182DE00694897 /* AppDelegate.swift in Sources */,
			);
			runOnlyForDeploymentPostprocessing = 0;
		};
		F420C68B287182E000694897 /* Sources */ = {
			isa = PBXSourcesBuildPhase;
			buildActionMask = 2147483647;
			files = (
				F420C694287182E000694897 /* Wanted_Mobile_TestTests.swift in Sources */,
			);
			runOnlyForDeploymentPostprocessing = 0;
		};
		F420C695287182E000694897 /* Sources */ = {
			isa = PBXSourcesBuildPhase;
			buildActionMask = 2147483647;
			files = (
				F420C69E287182E000694897 /* Wanted_Mobile_TestUITests.swift in Sources */,
				F420C6A0287182E000694897 /* Wanted_Mobile_TestUITestsLaunchTests.swift in Sources */,
			);
			runOnlyForDeploymentPostprocessing = 0;
		};
/* End PBXSourcesBuildPhase section */

/* Begin PBXTargetDependency section */
		F420C691287182E000694897 /* PBXTargetDependency */ = {
			isa = PBXTargetDependency;
			target = F420C678287182DE00694897 /* Wanted-Mobile-Test */;
			targetProxy = F420C690287182E000694897 /* PBXContainerItemProxy */;
		};
		F420C69B287182E000694897 /* PBXTargetDependency */ = {
			isa = PBXTargetDependency;
			target = F420C678287182DE00694897 /* Wanted-Mobile-Test */;
			targetProxy = F420C69A287182E000694897 /* PBXContainerItemProxy */;
		};
/* End PBXTargetDependency section */

/* Begin PBXVariantGroup section */
		F420C687287182E000694897 /* LaunchScreen.storyboard */ = {
			isa = PBXVariantGroup;
			children = (
				F420C688287182E000694897 /* Base */,
			);
			name = LaunchScreen.storyboard;
			sourceTree = "<group>";
		};
/* End PBXVariantGroup section */

/* Begin XCBuildConfiguration section */
		F420C6A1287182E000694897 /* Debug */ = {
			isa = XCBuildConfiguration;
			buildSettings = {
				ALWAYS_SEARCH_USER_PATHS = NO;
				CLANG_ANALYZER_NONNULL = YES;
				CLANG_ANALYZER_NUMBER_OBJECT_CONVERSION = YES_AGGRESSIVE;
				CLANG_CXX_LANGUAGE_STANDARD = "gnu++17";
				CLANG_ENABLE_MODULES = YES;
				CLANG_ENABLE_OBJC_ARC = YES;
				CLANG_ENABLE_OBJC_WEAK = YES;
				CLANG_WARN_BLOCK_CAPTURE_AUTORELEASING = YES;
				CLANG_WARN_BOOL_CONVERSION = YES;
				CLANG_WARN_COMMA = YES;
				CLANG_WARN_CONSTANT_CONVERSION = YES;
				CLANG_WARN_DEPRECATED_OBJC_IMPLEMENTATIONS = YES;
				CLANG_WARN_DIRECT_OBJC_ISA_USAGE = YES_ERROR;
				CLANG_WARN_DOCUMENTATION_COMMENTS = YES;
				CLANG_WARN_EMPTY_BODY = YES;
				CLANG_WARN_ENUM_CONVERSION = YES;
				CLANG_WARN_INFINITE_RECURSION = YES;
				CLANG_WARN_INT_CONVERSION = YES;
				CLANG_WARN_NON_LITERAL_NULL_CONVERSION = YES;
				CLANG_WARN_OBJC_IMPLICIT_RETAIN_SELF = YES;
				CLANG_WARN_OBJC_LITERAL_CONVERSION = YES;
				CLANG_WARN_OBJC_ROOT_CLASS = YES_ERROR;
				CLANG_WARN_QUOTED_INCLUDE_IN_FRAMEWORK_HEADER = YES;
				CLANG_WARN_RANGE_LOOP_ANALYSIS = YES;
				CLANG_WARN_STRICT_PROTOTYPES = YES;
				CLANG_WARN_SUSPICIOUS_MOVE = YES;
				CLANG_WARN_UNGUARDED_AVAILABILITY = YES_AGGRESSIVE;
				CLANG_WARN_UNREACHABLE_CODE = YES;
				CLANG_WARN__DUPLICATE_METHOD_MATCH = YES;
				COPY_PHASE_STRIP = NO;
				DEBUG_INFORMATION_FORMAT = dwarf;
				ENABLE_STRICT_OBJC_MSGSEND = YES;
				ENABLE_TESTABILITY = YES;
				GCC_C_LANGUAGE_STANDARD = gnu11;
				GCC_DYNAMIC_NO_PIC = NO;
				GCC_NO_COMMON_BLOCKS = YES;
				GCC_OPTIMIZATION_LEVEL = 0;
				GCC_PREPROCESSOR_DEFINITIONS = (
					"DEBUG=1",
					"$(inherited)",
				);
				GCC_WARN_64_TO_32_BIT_CONVERSION = YES;
				GCC_WARN_ABOUT_RETURN_TYPE = YES_ERROR;
				GCC_WARN_UNDECLARED_SELECTOR = YES;
				GCC_WARN_UNINITIALIZED_AUTOS = YES_AGGRESSIVE;
				GCC_WARN_UNUSED_FUNCTION = YES;
				GCC_WARN_UNUSED_VARIABLE = YES;
				IPHONEOS_DEPLOYMENT_TARGET = 14.1;
				MTL_ENABLE_DEBUG_INFO = INCLUDE_SOURCE;
				MTL_FAST_MATH = YES;
				ONLY_ACTIVE_ARCH = YES;
				SDKROOT = iphoneos;
				SWIFT_ACTIVE_COMPILATION_CONDITIONS = DEBUG;
				SWIFT_OPTIMIZATION_LEVEL = "-Onone";
			};
			name = Debug;
		};
		F420C6A2287182E000694897 /* Release */ = {
			isa = XCBuildConfiguration;
			buildSettings = {
				ALWAYS_SEARCH_USER_PATHS = NO;
				CLANG_ANALYZER_NONNULL = YES;
				CLANG_ANALYZER_NUMBER_OBJECT_CONVERSION = YES_AGGRESSIVE;
				CLANG_CXX_LANGUAGE_STANDARD = "gnu++17";
				CLANG_ENABLE_MODULES = YES;
				CLANG_ENABLE_OBJC_ARC = YES;
				CLANG_ENABLE_OBJC_WEAK = YES;
				CLANG_WARN_BLOCK_CAPTURE_AUTORELEASING = YES;
				CLANG_WARN_BOOL_CONVERSION = YES;
				CLANG_WARN_COMMA = YES;
				CLANG_WARN_CONSTANT_CONVERSION = YES;
				CLANG_WARN_DEPRECATED_OBJC_IMPLEMENTATIONS = YES;
				CLANG_WARN_DIRECT_OBJC_ISA_USAGE = YES_ERROR;
				CLANG_WARN_DOCUMENTATION_COMMENTS = YES;
				CLANG_WARN_EMPTY_BODY = YES;
				CLANG_WARN_ENUM_CONVERSION = YES;
				CLANG_WARN_INFINITE_RECURSION = YES;
				CLANG_WARN_INT_CONVERSION = YES;
				CLANG_WARN_NON_LITERAL_NULL_CONVERSION = YES;
				CLANG_WARN_OBJC_IMPLICIT_RETAIN_SELF = YES;
				CLANG_WARN_OBJC_LITERAL_CONVERSION = YES;
				CLANG_WARN_OBJC_ROOT_CLASS = YES_ERROR;
				CLANG_WARN_QUOTED_INCLUDE_IN_FRAMEWORK_HEADER = YES;
				CLANG_WARN_RANGE_LOOP_ANALYSIS = YES;
				CLANG_WARN_STRICT_PROTOTYPES = YES;
				CLANG_WARN_SUSPICIOUS_MOVE = YES;
				CLANG_WARN_UNGUARDED_AVAILABILITY = YES_AGGRESSIVE;
				CLANG_WARN_UNREACHABLE_CODE = YES;
				CLANG_WARN__DUPLICATE_METHOD_MATCH = YES;
				COPY_PHASE_STRIP = NO;
				DEBUG_INFORMATION_FORMAT = "dwarf-with-dsym";
				ENABLE_NS_ASSERTIONS = NO;
				ENABLE_STRICT_OBJC_MSGSEND = YES;
				GCC_C_LANGUAGE_STANDARD = gnu11;
				GCC_NO_COMMON_BLOCKS = YES;
				GCC_WARN_64_TO_32_BIT_CONVERSION = YES;
				GCC_WARN_ABOUT_RETURN_TYPE = YES_ERROR;
				GCC_WARN_UNDECLARED_SELECTOR = YES;
				GCC_WARN_UNINITIALIZED_AUTOS = YES_AGGRESSIVE;
				GCC_WARN_UNUSED_FUNCTION = YES;
				GCC_WARN_UNUSED_VARIABLE = YES;
				IPHONEOS_DEPLOYMENT_TARGET = 14.1;
				MTL_ENABLE_DEBUG_INFO = NO;
				MTL_FAST_MATH = YES;
				SDKROOT = iphoneos;
				SWIFT_COMPILATION_MODE = wholemodule;
				SWIFT_OPTIMIZATION_LEVEL = "-O";
				VALIDATE_PRODUCT = YES;
			};
			name = Release;
		};
		F420C6A4287182E000694897 /* Debug */ = {
			isa = XCBuildConfiguration;
			buildSettings = {
				ASSETCATALOG_COMPILER_APPICON_NAME = AppIcon;
				ASSETCATALOG_COMPILER_GLOBAL_ACCENT_COLOR_NAME = AccentColor;
				CODE_SIGN_STYLE = Automatic;
				CURRENT_PROJECT_VERSION = 1;
				DEVELOPMENT_TEAM = 22VQ353X6R;
				GENERATE_INFOPLIST_FILE = YES;
				INFOPLIST_FILE = "Wanted-Mobile-Test/Resource/Info.plist";
				INFOPLIST_KEY_UIApplicationSupportsIndirectInputEvents = YES;
				INFOPLIST_KEY_UILaunchStoryboardName = LaunchScreen;
				INFOPLIST_KEY_UISupportedInterfaceOrientations_iPad = "UIInterfaceOrientationPortrait UIInterfaceOrientationPortraitUpsideDown UIInterfaceOrientationLandscapeLeft UIInterfaceOrientationLandscapeRight";
				INFOPLIST_KEY_UISupportedInterfaceOrientations_iPhone = "UIInterfaceOrientationPortrait UIInterfaceOrientationLandscapeLeft UIInterfaceOrientationLandscapeRight";
				IPHONEOS_DEPLOYMENT_TARGET = 14.1;
				LD_RUNPATH_SEARCH_PATHS = (
					"$(inherited)",
					"@executable_path/Frameworks",
				);
				MARKETING_VERSION = 1.0;
				PRODUCT_BUNDLE_IDENTIFIER = "com.taewoo.Wanted-Mobile-Test";
				PRODUCT_NAME = "$(TARGET_NAME)";
				SWIFT_EMIT_LOC_STRINGS = YES;
				SWIFT_VERSION = 5.0;
				TARGETED_DEVICE_FAMILY = "1,2";
			};
			name = Debug;
		};
		F420C6A5287182E000694897 /* Release */ = {
			isa = XCBuildConfiguration;
			buildSettings = {
				ASSETCATALOG_COMPILER_APPICON_NAME = AppIcon;
				ASSETCATALOG_COMPILER_GLOBAL_ACCENT_COLOR_NAME = AccentColor;
				CODE_SIGN_STYLE = Automatic;
				CURRENT_PROJECT_VERSION = 1;
				DEVELOPMENT_TEAM = 22VQ353X6R;
				GENERATE_INFOPLIST_FILE = YES;
				INFOPLIST_FILE = "Wanted-Mobile-Test/Resource/Info.plist";
				INFOPLIST_KEY_UIApplicationSupportsIndirectInputEvents = YES;
				INFOPLIST_KEY_UILaunchStoryboardName = LaunchScreen;
				INFOPLIST_KEY_UISupportedInterfaceOrientations_iPad = "UIInterfaceOrientationPortrait UIInterfaceOrientationPortraitUpsideDown UIInterfaceOrientationLandscapeLeft UIInterfaceOrientationLandscapeRight";
				INFOPLIST_KEY_UISupportedInterfaceOrientations_iPhone = "UIInterfaceOrientationPortrait UIInterfaceOrientationLandscapeLeft UIInterfaceOrientationLandscapeRight";
				IPHONEOS_DEPLOYMENT_TARGET = 14.1;
				LD_RUNPATH_SEARCH_PATHS = (
					"$(inherited)",
					"@executable_path/Frameworks",
				);
				MARKETING_VERSION = 1.0;
				PRODUCT_BUNDLE_IDENTIFIER = "com.taewoo.Wanted-Mobile-Test";
				PRODUCT_NAME = "$(TARGET_NAME)";
				SWIFT_EMIT_LOC_STRINGS = YES;
				SWIFT_VERSION = 5.0;
				TARGETED_DEVICE_FAMILY = "1,2";
			};
			name = Release;
		};
		F420C6A7287182E000694897 /* Debug */ = {
			isa = XCBuildConfiguration;
			buildSettings = {
				ALWAYS_EMBED_SWIFT_STANDARD_LIBRARIES = YES;
				BUNDLE_LOADER = "$(TEST_HOST)";
				CODE_SIGN_STYLE = Automatic;
				CURRENT_PROJECT_VERSION = 1;
				DEVELOPMENT_TEAM = 22VQ353X6R;
				GENERATE_INFOPLIST_FILE = YES;
				IPHONEOS_DEPLOYMENT_TARGET = 14.1;
				MARKETING_VERSION = 1.0;
				PRODUCT_BUNDLE_IDENTIFIER = "com.taewoo.Wanted-Mobile-TestTests";
				PRODUCT_NAME = "$(TARGET_NAME)";
				SWIFT_EMIT_LOC_STRINGS = NO;
				SWIFT_VERSION = 5.0;
				TARGETED_DEVICE_FAMILY = "1,2";
				TEST_HOST = "$(BUILT_PRODUCTS_DIR)/Wanted-Mobile-Test.app/Wanted-Mobile-Test";
			};
			name = Debug;
		};
		F420C6A8287182E000694897 /* Release */ = {
			isa = XCBuildConfiguration;
			buildSettings = {
				ALWAYS_EMBED_SWIFT_STANDARD_LIBRARIES = YES;
				BUNDLE_LOADER = "$(TEST_HOST)";
				CODE_SIGN_STYLE = Automatic;
				CURRENT_PROJECT_VERSION = 1;
				DEVELOPMENT_TEAM = 22VQ353X6R;
				GENERATE_INFOPLIST_FILE = YES;
				IPHONEOS_DEPLOYMENT_TARGET = 14.1;
				MARKETING_VERSION = 1.0;
				PRODUCT_BUNDLE_IDENTIFIER = "com.taewoo.Wanted-Mobile-TestTests";
				PRODUCT_NAME = "$(TARGET_NAME)";
				SWIFT_EMIT_LOC_STRINGS = NO;
				SWIFT_VERSION = 5.0;
				TARGETED_DEVICE_FAMILY = "1,2";
				TEST_HOST = "$(BUILT_PRODUCTS_DIR)/Wanted-Mobile-Test.app/Wanted-Mobile-Test";
			};
			name = Release;
		};
		F420C6AA287182E000694897 /* Debug */ = {
			isa = XCBuildConfiguration;
			buildSettings = {
				ALWAYS_EMBED_SWIFT_STANDARD_LIBRARIES = YES;
				CODE_SIGN_STYLE = Automatic;
				CURRENT_PROJECT_VERSION = 1;
				DEVELOPMENT_TEAM = 22VQ353X6R;
				GENERATE_INFOPLIST_FILE = YES;
				IPHONEOS_DEPLOYMENT_TARGET = 14.1;
				MARKETING_VERSION = 1.0;
				PRODUCT_BUNDLE_IDENTIFIER = "com.taewoo.Wanted-Mobile-TestUITests";
				PRODUCT_NAME = "$(TARGET_NAME)";
				SWIFT_EMIT_LOC_STRINGS = NO;
				SWIFT_VERSION = 5.0;
				TARGETED_DEVICE_FAMILY = "1,2";
				TEST_TARGET_NAME = "Wanted-Mobile-Test";
			};
			name = Debug;
		};
		F420C6AB287182E000694897 /* Release */ = {
			isa = XCBuildConfiguration;
			buildSettings = {
				ALWAYS_EMBED_SWIFT_STANDARD_LIBRARIES = YES;
				CODE_SIGN_STYLE = Automatic;
				CURRENT_PROJECT_VERSION = 1;
				DEVELOPMENT_TEAM = 22VQ353X6R;
				GENERATE_INFOPLIST_FILE = YES;
				IPHONEOS_DEPLOYMENT_TARGET = 14.1;
				MARKETING_VERSION = 1.0;
				PRODUCT_BUNDLE_IDENTIFIER = "com.taewoo.Wanted-Mobile-TestUITests";
				PRODUCT_NAME = "$(TARGET_NAME)";
				SWIFT_EMIT_LOC_STRINGS = NO;
				SWIFT_VERSION = 5.0;
				TARGETED_DEVICE_FAMILY = "1,2";
				TEST_TARGET_NAME = "Wanted-Mobile-Test";
			};
			name = Release;
		};
/* End XCBuildConfiguration section */

/* Begin XCConfigurationList section */
		F420C674287182DE00694897 /* Build configuration list for PBXProject "Wanted-Mobile-Test" */ = {
			isa = XCConfigurationList;
			buildConfigurations = (
				F420C6A1287182E000694897 /* Debug */,
				F420C6A2287182E000694897 /* Release */,
			);
			defaultConfigurationIsVisible = 0;
			defaultConfigurationName = Release;
		};
		F420C6A3287182E000694897 /* Build configuration list for PBXNativeTarget "Wanted-Mobile-Test" */ = {
			isa = XCConfigurationList;
			buildConfigurations = (
				F420C6A4287182E000694897 /* Debug */,
				F420C6A5287182E000694897 /* Release */,
			);
			defaultConfigurationIsVisible = 0;
			defaultConfigurationName = Release;
		};
		F420C6A6287182E000694897 /* Build configuration list for PBXNativeTarget "Wanted-Mobile-TestTests" */ = {
			isa = XCConfigurationList;
			buildConfigurations = (
				F420C6A7287182E000694897 /* Debug */,
				F420C6A8287182E000694897 /* Release */,
			);
			defaultConfigurationIsVisible = 0;
			defaultConfigurationName = Release;
		};
		F420C6A9287182E000694897 /* Build configuration list for PBXNativeTarget "Wanted-Mobile-TestUITests" */ = {
			isa = XCConfigurationList;
			buildConfigurations = (
				F420C6AA287182E000694897 /* Debug */,
				F420C6AB287182E000694897 /* Release */,
			);
			defaultConfigurationIsVisible = 0;
			defaultConfigurationName = Release;
		};
/* End XCConfigurationList section */

/* Begin XCRemoteSwiftPackageReference section */
		F420C6AF2871845800694897 /* XCRemoteSwiftPackageReference "SnapKit" */ = {
			isa = XCRemoteSwiftPackageReference;
			repositoryURL = "https://github.com/SnapKit/SnapKit.git";
			requirement = {
				kind = upToNextMajorVersion;
				minimumVersion = 5.0.0;
			};
		};
		F420C6B22871847300694897 /* XCRemoteSwiftPackageReference "RxSwift" */ = {
			isa = XCRemoteSwiftPackageReference;
			repositoryURL = "https://github.com/ReactiveX/RxSwift.git";
			requirement = {
				kind = upToNextMajorVersion;
				minimumVersion = 6.0.0;
			};
		};
		F420C6B7287184AF00694897 /* XCRemoteSwiftPackageReference "Moya" */ = {
			isa = XCRemoteSwiftPackageReference;
			repositoryURL = "https://github.com/Moya/Moya.git";
			requirement = {
				kind = upToNextMajorVersion;
				minimumVersion = 15.0.0;
			};
		};
		F420C6BE287184CB00694897 /* XCRemoteSwiftPackageReference "RxOptional" */ = {
			isa = XCRemoteSwiftPackageReference;
			repositoryURL = "https://github.com/RxSwiftCommunity/RxOptional";
			requirement = {
				kind = upToNextMajorVersion;
				minimumVersion = 5.0.0;
			};
		};
/* End XCRemoteSwiftPackageReference section */

/* Begin XCSwiftPackageProductDependency section */
		F420C6B02871845800694897 /* SnapKit */ = {
			isa = XCSwiftPackageProductDependency;
			package = F420C6AF2871845800694897 /* XCRemoteSwiftPackageReference "SnapKit" */;
			productName = SnapKit;
		};
		F420C6B32871847400694897 /* RxCocoa */ = {
			isa = XCSwiftPackageProductDependency;
			package = F420C6B22871847300694897 /* XCRemoteSwiftPackageReference "RxSwift" */;
			productName = RxCocoa;
		};
		F420C6B52871847400694897 /* RxSwift */ = {
			isa = XCSwiftPackageProductDependency;
			package = F420C6B22871847300694897 /* XCRemoteSwiftPackageReference "RxSwift" */;
			productName = RxSwift;
		};
		F420C6B8287184AF00694897 /* Moya */ = {
			isa = XCSwiftPackageProductDependency;
			package = F420C6B7287184AF00694897 /* XCRemoteSwiftPackageReference "Moya" */;
			productName = Moya;
		};
		F420C6BA287184AF00694897 /* ReactiveMoya */ = {
			isa = XCSwiftPackageProductDependency;
			package = F420C6B7287184AF00694897 /* XCRemoteSwiftPackageReference "Moya" */;
			productName = ReactiveMoya;
		};
		F420C6BC287184AF00694897 /* RxMoya */ = {
			isa = XCSwiftPackageProductDependency;
			package = F420C6B7287184AF00694897 /* XCRemoteSwiftPackageReference "Moya" */;
			productName = RxMoya;
		};
		F420C6BF287184CB00694897 /* RxOptional */ = {
			isa = XCSwiftPackageProductDependency;
			package = F420C6BE287184CB00694897 /* XCRemoteSwiftPackageReference "RxOptional" */;
			productName = RxOptional;
		};
/* End XCSwiftPackageProductDependency section */
	};
	rootObject = F420C671287182DE00694897 /* Project object */;
}
